
Microsoft Visual Studio Solution File, Format Version 12.00
# Visual Studio Version 17
VisualStudioVersion = 17.0.31903.59
MinimumVisualStudioVersion = 10.0.40219.1
Project("{2150E333-8FDC-42A3-9474-1A3956D46DE8}") = "src", "src", "{827E0CD3-B72D-47B6-A68D-7590B98EB39B}"
EndProject
Project("{FAE04EC0-301F-11D3-BF4B-00C04F79EFBC}") = "TaskFlow.Api", "src\TaskFlow.Api\TaskFlow.Api.csproj", "{D7434615-748B-4876-8E7A-29223317BCA4}"
EndProject
Project("{FAE04EC0-301F-11D3-BF4B-00C04F79EFBC}") = "TaskFlow.Application", "src\TaskFlow.Application\TaskFlow.Application.csproj", "{72E04C6D-1B82-42F2-9B94-075786F4940D}"
EndProject
Project("{FAE04EC0-301F-11D3-BF4B-00C04F79EFBC}") = "TaskFlow.Domain", "src\TaskFlow.Domain\TaskFlow.Domain.csproj", "{5CD93C74-B443-4018-A16B-B3DA5F3AC9B5}"
EndProject
Project("{FAE04EC0-301F-11D3-BF4B-00C04F79EFBC}") = "TaskFlow.Infrastructure", "src\TaskFlow.Infrastructure\TaskFlow.Infrastructure.csproj", "{2F21EFC2-7347-4EA2-8EEF-190837C8C444}"
EndProject
Project("{2150E333-8FDC-42A3-9474-1A3956D46DE8}") = "tests", "tests", "{0AB3BF05-4346-4AA6-1389-037BE0695223}"
EndProject
Project("{FAE04EC0-301F-11D3-BF4B-00C04F79EFBC}") = "TaskFlow.UnitTests", "tests\TaskFlow.UnitTests\TaskFlow.UnitTests.csproj", "{6FDE9A73-D5B0-407F-9B65-54D152577E09}"
EndProject
Project("{FAE04EC0-301F-11D3-BF4B-00C04F79EFBC}") = "TaskFlow.IntegrationTests", "tests\TaskFlow.IntegrationTests\TaskFlow.IntegrationTests.csproj", "{FECC0872-D2B3-4208-A372-EE5321DAF8CE}"
EndProject
Global
	GlobalSection(SolutionConfigurationPlatforms) = preSolution
		Debug|Any CPU = Debug|Any CPU
		Debug|x64 = Debug|x64
		Debug|x86 = Debug|x86
		Release|Any CPU = Release|Any CPU
		Release|x64 = Release|x64
		Release|x86 = Release|x86
	EndGlobalSection
	GlobalSection(ProjectConfigurationPlatforms) = postSolution
		{D7434615-748B-4876-8E7A-29223317BCA4}.Debug|Any CPU.ActiveCfg = Debug|Any CPU
		{D7434615-748B-4876-8E7A-29223317BCA4}.Debug|Any CPU.Build.0 = Debug|Any CPU
		{D7434615-748B-4876-8E7A-29223317BCA4}.Debug|x64.ActiveCfg = Debug|Any CPU
		{D7434615-748B-4876-8E7A-29223317BCA4}.Debug|x64.Build.0 = Debug|Any CPU
		{D7434615-748B-4876-8E7A-29223317BCA4}.Debug|x86.ActiveCfg = Debug|Any CPU
		{D7434615-748B-4876-8E7A-29223317BCA4}.Debug|x86.Build.0 = Debug|Any CPU
		{D7434615-748B-4876-8E7A-29223317BCA4}.Release|Any CPU.ActiveCfg = Release|Any CPU
		{D7434615-748B-4876-8E7A-29223317BCA4}.Release|Any CPU.Build.0 = Release|Any CPU
		{D7434615-748B-4876-8E7A-29223317BCA4}.Release|x64.ActiveCfg = Release|Any CPU
		{D7434615-748B-4876-8E7A-29223317BCA4}.Release|x64.Build.0 = Release|Any CPU
		{D7434615-748B-4876-8E7A-29223317BCA4}.Release|x86.ActiveCfg = Release|Any CPU
		{D7434615-748B-4876-8E7A-29223317BCA4}.Release|x86.Build.0 = Release|Any CPU
		{72E04C6D-1B82-42F2-9B94-075786F4940D}.Debug|Any CPU.ActiveCfg = Debug|Any CPU
		{72E04C6D-1B82-42F2-9B94-075786F4940D}.Debug|Any CPU.Build.0 = Debug|Any CPU
		{72E04C6D-1B82-42F2-9B94-075786F4940D}.Debug|x64.ActiveCfg = Debug|Any CPU
		{72E04C6D-1B82-42F2-9B94-075786F4940D}.Debug|x64.Build.0 = Debug|Any CPU
		{72E04C6D-1B82-42F2-9B94-075786F4940D}.Debug|x86.ActiveCfg = Debug|Any CPU
		{72E04C6D-1B82-42F2-9B94-075786F4940D}.Debug|x86.Build.0 = Debug|Any CPU
		{72E04C6D-1B82-42F2-9B94-075786F4940D}.Release|Any CPU.ActiveCfg = Release|Any CPU
		{72E04C6D-1B82-42F2-9B94-075786F4940D}.Release|Any CPU.Build.0 = Release|Any CPU
		{72E04C6D-1B82-42F2-9B94-075786F4940D}.Release|x64.ActiveCfg = Release|Any CPU
		{72E04C6D-1B82-42F2-9B94-075786F4940D}.Release|x64.Build.0 = Release|Any CPU
		{72E04C6D-1B82-42F2-9B94-075786F4940D}.Release|x86.ActiveCfg = Release|Any CPU
		{72E04C6D-1B82-42F2-9B94-075786F4940D}.Release|x86.Build.0 = Release|Any CPU
		{5CD93C74-B443-4018-A16B-B3DA5F3AC9B5}.Debug|Any CPU.ActiveCfg = Debug|Any CPU
		{5CD93C74-B443-4018-A16B-B3DA5F3AC9B5}.Debug|Any CPU.Build.0 = Debug|Any CPU
		{5CD93C74-B443-4018-A16B-B3DA5F3AC9B5}.Debug|x64.ActiveCfg = Debug|Any CPU
		{5CD93C74-B443-4018-A16B-B3DA5F3AC9B5}.Debug|x64.Build.0 = Debug|Any CPU
		{5CD93C74-B443-4018-A16B-B3DA5F3AC9B5}.Debug|x86.ActiveCfg = Debug|Any CPU
		{5CD93C74-B443-4018-A16B-B3DA5F3AC9B5}.Debug|x86.Build.0 = Debug|Any CPU
		{5CD93C74-B443-4018-A16B-B3DA5F3AC9B5}.Release|Any CPU.ActiveCfg = Release|Any CPU
		{5CD93C74-B443-4018-A16B-B3DA5F3AC9B5}.Release|Any CPU.Build.0 = Release|Any CPU
		{5CD93C74-B443-4018-A16B-B3DA5F3AC9B5}.Release|x64.ActiveCfg = Release|Any CPU
		{5CD93C74-B443-4018-A16B-B3DA5F3AC9B5}.Release|x64.Build.0 = Release|Any CPU
		{5CD93C74-B443-4018-A16B-B3DA5F3AC9B5}.Release|x86.ActiveCfg = Release|Any CPU
		{5CD93C74-B443-4018-A16B-B3DA5F3AC9B5}.Release|x86.Build.0 = Release|Any CPU
		{2F21EFC2-7347-4EA2-8EEF-190837C8C444}.Debug|Any CPU.ActiveCfg = Debug|Any CPU
		{2F21EFC2-7347-4EA2-8EEF-190837C8C444}.Debug|Any CPU.Build.0 = Debug|Any CPU
		{2F21EFC2-7347-4EA2-8EEF-190837C8C444}.Debug|x64.ActiveCfg = Debug|Any CPU
		{2F21EFC2-7347-4EA2-8EEF-190837C8C444}.Debug|x64.Build.0 = Debug|Any CPU
		{2F21EFC2-7347-4EA2-8EEF-190837C8C444}.Debug|x86.ActiveCfg = Debug|Any CPU
		{2F21EFC2-7347-4EA2-8EEF-190837C8C444}.Debug|x86.Build.0 = Debug|Any CPU
		{2F21EFC2-7347-4EA2-8EEF-190837C8C444}.Release|Any CPU.ActiveCfg = Release|Any CPU
		{2F21EFC2-7347-4EA2-8EEF-190837C8C444}.Release|Any CPU.Build.0 = Release|Any CPU
		{2F21EFC2-7347-4EA2-8EEF-190837C8C444}.Release|x64.ActiveCfg = Release|Any CPU
		{2F21EFC2-7347-4EA2-8EEF-190837C8C444}.Release|x64.Build.0 = Release|Any CPU
		{2F21EFC2-7347-4EA2-8EEF-190837C8C444}.Release|x86.ActiveCfg = Release|Any CPU
		{2F21EFC2-7347-4EA2-8EEF-190837C8C444}.Release|x86.Build.0 = Release|Any CPU
		{6FDE9A73-D5B0-407F-9B65-54D152577E09}.Debug|Any CPU.ActiveCfg = Debug|Any CPU
		{6FDE9A73-D5B0-407F-9B65-54D152577E09}.Debug|Any CPU.Build.0 = Debug|Any CPU
		{6FDE9A73-D5B0-407F-9B65-54D152577E09}.Debug|x64.ActiveCfg = Debug|Any CPU
		{6FDE9A73-D5B0-407F-9B65-54D152577E09}.Debug|x64.Build.0 = Debug|Any CPU
		{6FDE9A73-D5B0-407F-9B65-54D152577E09}.Debug|x86.ActiveCfg = Debug|Any CPU
		{6FDE9A73-D5B0-407F-9B65-54D152577E09}.Debug|x86.Build.0 = Debug|Any CPU
		{6FDE9A73-D5B0-407F-9B65-54D152577E09}.Release|Any CPU.ActiveCfg = Release|Any CPU
		{6FDE9A73-D5B0-407F-9B65-54D152577E09}.Release|Any CPU.Build.0 = Release|Any CPU
		{6FDE9A73-D5B0-407F-9B65-54D152577E09}.Release|x64.ActiveCfg = Release|Any CPU
		{6FDE9A73-D5B0-407F-9B65-54D152577E09}.Release|x64.Build.0 = Release|Any CPU
		{6FDE9A73-D5B0-407F-9B65-54D152577E09}.Release|x86.ActiveCfg = Release|Any CPU
		{6FDE9A73-D5B0-407F-9B65-54D152577E09}.Release|x86.Build.0 = Release|Any CPU
		{FECC0872-D2B3-4208-A372-EE5321DAF8CE}.Debug|Any CPU.ActiveCfg = Debug|Any CPU
		{FECC0872-D2B3-4208-A372-EE5321DAF8CE}.Debug|Any CPU.Build.0 = Debug|Any CPU
		{FECC0872-D2B3-4208-A372-EE5321DAF8CE}.Debug|x64.ActiveCfg = Debug|Any CPU
		{FECC0872-D2B3-4208-A372-EE5321DAF8CE}.Debug|x64.Build.0 = Debug|Any CPU
		{FECC0872-D2B3-4208-A372-EE5321DAF8CE}.Debug|x86.ActiveCfg = Debug|Any CPU
		{FECC0872-D2B3-4208-A372-EE5321DAF8CE}.Debug|x86.Build.0 = Debug|Any CPU
		{FECC0872-D2B3-4208-A372-EE5321DAF8CE}.Release|Any CPU.ActiveCfg = Release|Any CPU
		{FECC0872-D2B3-4208-A372-EE5321DAF8CE}.Release|Any CPU.Build.0 = Release|Any CPU
		{FECC0872-D2B3-4208-A372-EE5321DAF8CE}.Release|x64.ActiveCfg = Release|Any CPU
		{FECC0872-D2B3-4208-A372-EE5321DAF8CE}.Release|x64.Build.0 = Release|Any CPU
		{FECC0872-D2B3-4208-A372-EE5321DAF8CE}.Release|x86.ActiveCfg = Release|Any CPU
		{FECC0872-D2B3-4208-A372-EE5321DAF8CE}.Release|x86.Build.0 = Release|Any CPU
	EndGlobalSection
	GlobalSection(SolutionProperties) = preSolution
		HideSolutionNode = FALSE
	EndGlobalSection
	GlobalSection(NestedProjects) = preSolution
		{D7434615-748B-4876-8E7A-29223317BCA4} = {827E0CD3-B72D-47B6-A68D-7590B98EB39B}
		{72E04C6D-1B82-42F2-9B94-075786F4940D} = {827E0CD3-B72D-47B6-A68D-7590B98EB39B}
		{5CD93C74-B443-4018-A16B-B3DA5F3AC9B5} = {827E0CD3-B72D-47B6-A68D-7590B98EB39B}
		{2F21EFC2-7347-4EA2-8EEF-190837C8C444} = {827E0CD3-B72D-47B6-A68D-7590B98EB39B}
		{6FDE9A73-D5B0-407F-9B65-54D152577E09} = {0AB3BF05-4346-4AA6-1389-037BE0695223}
		{FECC0872-D2B3-4208-A372-EE5321DAF8CE} = {0AB3BF05-4346-4AA6-1389-037BE0695223}
	EndGlobalSection
EndGlobal
